
Microsoft Visual Studio Solution File, Format Version 12.00
# Visual Studio Version 17
VisualStudioVersion = 17.7.34221.43
MinimumVisualStudioVersion = 10.0.40219.1
Project("{FAE04EC0-301F-11D3-BF4B-00C04F79EFBC}") = "Exchange", "Exchange\Exchange.csproj", "{C3BBD6DE-966E-42C0-B223-07FABE186EBD}"
EndProject
Global
	GlobalSection(SolutionConfigurationPlatforms) = preSolution
		Debug|Any CPU = Debug|Any CPU
		Release|Any CPU = Release|Any CPU
	EndGlobalSection
	GlobalSection(ProjectConfigurationPlatforms) = postSolution
		{C3BBD6DE-966E-42C0-B223-07FABE186EBD}.Debug|Any CPU.ActiveCfg = Debug|Any CPU
		{C3BBD6DE-966E-42C0-B223-07FABE186EBD}.Debug|Any CPU.Build.0 = Debug|Any CPU
		{C3BBD6DE-966E-42C0-B223-07FABE186EBD}.Release|Any CPU.ActiveCfg = Release|Any CPU
		{C3BBD6DE-966E-42C0-B223-07FABE186EBD}.Release|Any CPU.Build.0 = Release|Any CPU
	EndGlobalSection
	GlobalSection(SolutionProperties) = preSolution
		HideSolutionNode = FALSE
	EndGlobalSection
	GlobalSection(ExtensibilityGlobals) = postSolution
		SolutionGuid = {14403C80-2AEB-4986-A89A-E70F2763D17E}
	EndGlobalSection
EndGlobal
